
Microsoft Visual Studio Solution File, Format Version 12.00
Project("{2150E333-8FDC-42A3-9474-1A3956D46DE8}") = "src", "src", "{C93EB792-418B-44D5-ADEF-8130F2F66A1D}"
	ProjectSection(SolutionItems) = preProject
		src\template.yaml = src\template.yaml
	EndProjectSection
EndProject
Project("{FAE04EC0-301F-11D3-BF4B-00C04F79EFBC}") = "ExampleApi", "src\ExampleApi\ExampleApi.csproj", "{5A0EA400-4466-4938-9A31-CCB0EBA11B61}"
EndProject
Project("{FAE04EC0-301F-11D3-BF4B-00C04F79EFBC}") = "ExampleApi.Infrastructure", "src\ExampleApi.Infrastructure\ExampleApi.Infrastructure.csproj", "{F5FDE0C1-37E6-45A8-B308-EB5C2FCB2A46}"
EndProject
Project("{FAE04EC0-301F-11D3-BF4B-00C04F79EFBC}") = "ExampleApi.Repositories", "src\ExampleApi.Repositories\ExampleApi.Repositories.csproj", "{5DDF7B36-2E4F-40C0-8B66-785EBD12F4F1}"
EndProject
Project("{2150E333-8FDC-42A3-9474-1A3956D46DE8}") = "tests", "tests", "{3EE3342B-7B48-4AE2-BE7C-C381C750FB4F}"
EndProject
Global
	GlobalSection(SolutionConfigurationPlatforms) = preSolution
		Debug|Any CPU = Debug|Any CPU
		Release|Any CPU = Release|Any CPU
	EndGlobalSection
	GlobalSection(ProjectConfigurationPlatforms) = postSolution
		{5A0EA400-4466-4938-9A31-CCB0EBA11B61}.Debug|Any CPU.ActiveCfg = Debug|Any CPU
		{5A0EA400-4466-4938-9A31-CCB0EBA11B61}.Debug|Any CPU.Build.0 = Debug|Any CPU
		{5A0EA400-4466-4938-9A31-CCB0EBA11B61}.Release|Any CPU.ActiveCfg = Release|Any CPU
		{5A0EA400-4466-4938-9A31-CCB0EBA11B61}.Release|Any CPU.Build.0 = Release|Any CPU
		{F5FDE0C1-37E6-45A8-B308-EB5C2FCB2A46}.Debug|Any CPU.ActiveCfg = Debug|Any CPU
		{F5FDE0C1-37E6-45A8-B308-EB5C2FCB2A46}.Debug|Any CPU.Build.0 = Debug|Any CPU
		{F5FDE0C1-37E6-45A8-B308-EB5C2FCB2A46}.Release|Any CPU.ActiveCfg = Release|Any CPU
		{F5FDE0C1-37E6-45A8-B308-EB5C2FCB2A46}.Release|Any CPU.Build.0 = Release|Any CPU
		{5DDF7B36-2E4F-40C0-8B66-785EBD12F4F1}.Debug|Any CPU.ActiveCfg = Debug|Any CPU
		{5DDF7B36-2E4F-40C0-8B66-785EBD12F4F1}.Debug|Any CPU.Build.0 = Debug|Any CPU
		{5DDF7B36-2E4F-40C0-8B66-785EBD12F4F1}.Release|Any CPU.ActiveCfg = Release|Any CPU
		{5DDF7B36-2E4F-40C0-8B66-785EBD12F4F1}.Release|Any CPU.Build.0 = Release|Any CPU
	EndGlobalSection
	GlobalSection(NestedProjects) = preSolution
		{5A0EA400-4466-4938-9A31-CCB0EBA11B61} = {C93EB792-418B-44D5-ADEF-8130F2F66A1D}
		{F5FDE0C1-37E6-45A8-B308-EB5C2FCB2A46} = {C93EB792-418B-44D5-ADEF-8130F2F66A1D}
		{5DDF7B36-2E4F-40C0-8B66-785EBD12F4F1} = {C93EB792-418B-44D5-ADEF-8130F2F66A1D}
	EndGlobalSection
EndGlobal
