
Microsoft Visual Studio Solution File, Format Version 12.00
Project("{FAE04EC0-301F-11D3-BF4B-00C04F79EFBC}") = "SQSEventHandler", "src\SQSEventHandler\SQSEventHandler.csproj", "{DEE7AE1A-C428-4DFD-9331-D50667CDF744}"
EndProject
Project("{FAE04EC0-301F-11D3-BF4B-00C04F79EFBC}") = "SQSEventHandler.UnitTests", "tests\SQSEventHandler.Test\SQSEventHandler.UnitTests.csproj", "{401BCA96-971D-4F1E-BD90-C954DB428955}"
EndProject
Project("{2150E333-8FDC-42A3-9474-1A3956D46DE8}") = "src", "src", "{3263E9D0-3F77-4135-A3C4-4DCD3F1782F4}"
EndProject
Project("{2150E333-8FDC-42A3-9474-1A3956D46DE8}") = "tests", "tests", "{88AEB66E-FA3E-4561-BABF-A2C3F4AC690C}"
EndProject
Project("{2150E333-8FDC-42A3-9474-1A3956D46DE8}") = "docs", "docs", "{5DE69C01-915D-4B94-BCA5-ADC62A2C5D2E}"
	ProjectSection(SolutionItems) = preProject
		docs\README.md = docs\README.md
	EndProjectSection
EndProject
Global
	GlobalSection(SolutionConfigurationPlatforms) = preSolution
		Debug|Any CPU = Debug|Any CPU
		Release|Any CPU = Release|Any CPU
	EndGlobalSection
	GlobalSection(ProjectConfigurationPlatforms) = postSolution
		{DEE7AE1A-C428-4DFD-9331-D50667CDF744}.Debug|Any CPU.ActiveCfg = Debug|Any CPU
		{DEE7AE1A-C428-4DFD-9331-D50667CDF744}.Debug|Any CPU.Build.0 = Debug|Any CPU
		{DEE7AE1A-C428-4DFD-9331-D50667CDF744}.Release|Any CPU.ActiveCfg = Release|Any CPU
		{DEE7AE1A-C428-4DFD-9331-D50667CDF744}.Release|Any CPU.Build.0 = Release|Any CPU
		{943A4E4B-BD8B-4A33-B58C-4D0EEE0EB8A3}.Debug|Any CPU.ActiveCfg = Debug|Any CPU
		{943A4E4B-BD8B-4A33-B58C-4D0EEE0EB8A3}.Debug|Any CPU.Build.0 = Debug|Any CPU
		{943A4E4B-BD8B-4A33-B58C-4D0EEE0EB8A3}.Release|Any CPU.ActiveCfg = Release|Any CPU
		{943A4E4B-BD8B-4A33-B58C-4D0EEE0EB8A3}.Release|Any CPU.Build.0 = Release|Any CPU
		{401BCA96-971D-4F1E-BD90-C954DB428955}.Debug|Any CPU.ActiveCfg = Debug|Any CPU
		{401BCA96-971D-4F1E-BD90-C954DB428955}.Debug|Any CPU.Build.0 = Debug|Any CPU
		{401BCA96-971D-4F1E-BD90-C954DB428955}.Release|Any CPU.ActiveCfg = Release|Any CPU
		{401BCA96-971D-4F1E-BD90-C954DB428955}.Release|Any CPU.Build.0 = Release|Any CPU
	EndGlobalSection
	GlobalSection(NestedProjects) = preSolution
		{DEE7AE1A-C428-4DFD-9331-D50667CDF744} = {3263E9D0-3F77-4135-A3C4-4DCD3F1782F4}
		{943A4E4B-BD8B-4A33-B58C-4D0EEE0EB8A3} = {88AEB66E-FA3E-4561-BABF-A2C3F4AC690C}
		{401BCA96-971D-4F1E-BD90-C954DB428955} = {88AEB66E-FA3E-4561-BABF-A2C3F4AC690C}
	EndGlobalSection
EndGlobal
