
Microsoft Visual Studio Solution File, Format Version 12.00
Project("{FAE04EC0-301F-11D3-BF4B-00C04F79EFBC}") = "SqsEventHandler", "src\SqsEventHandler\SqsEventHandler.csproj", "{0DA48489-31EC-4E4D-8365-C7B6140F18D8}"
EndProject
Project("{FAE04EC0-301F-11D3-BF4B-00C04F79EFBC}") = "SqsEventHandler.UnitTests", "tests\SqsEventHandler.UnitTests\SqsEventHandler.UnitTests.csproj", "{70EB2F02-CE96-4A99-B7D0-4DA06ACC4061}"
EndProject
Project("{2150E333-8FDC-42A3-9474-1A3956D46DE8}") = "docs", "docs", "{00140B9F-D533-4F2C-85B4-ABAEA8529CE4}"
	ProjectSection(SolutionItems) = preProject
		README.md = README.md
	EndProjectSection
EndProject
Project("{2150E333-8FDC-42A3-9474-1A3956D46DE8}") = "tests", "tests", "{0CFC5F99-9F8B-4703-AC45-5536D7075C8D}"
EndProject
Project("{2150E333-8FDC-42A3-9474-1A3956D46DE8}") = "src", "src", "{77FA1BAD-35CA-4CAE-AEDA-70640E39D80E}"
	ProjectSection(SolutionItems) = preProject
		src\template.yaml = src\template.yaml
	EndProjectSection
EndProject
Project("{FAE04EC0-301F-11D3-BF4B-00C04F79EFBC}") = "SqsEventHandler.IntegrationTests", "tests\SqsEventHandler.IntegrationTests\SqsEventHandler.IntegrationTests.csproj", "{DCFD1F9A-1EA4-4EC1-96CD-68AA64458F86}"
EndProject
Project("{FAE04EC0-301F-11D3-BF4B-00C04F79EFBC}") = "SqsEventHandler.Repositories", "src\SqsEventHandler.Repositories\SqsEventHandler.Repositories.csproj", "{59E29D7E-B0EF-42BD-A3BE-D4324F7EE866}"
EndProject
Project("{FAE04EC0-301F-11D3-BF4B-00C04F79EFBC}") = "SqsEventHandler.Infrastructure", "src\SqsEventHandler.Infrastructure\SqsEventHandler.Infrastructure.csproj", "{7934642D-B243-4905-969A-1698F69C6D01}"
EndProject
Global
	GlobalSection(SolutionConfigurationPlatforms) = preSolution
		Debug|Any CPU = Debug|Any CPU
		Release|Any CPU = Release|Any CPU
	EndGlobalSection
	GlobalSection(ProjectConfigurationPlatforms) = postSolution
		{0DA48489-31EC-4E4D-8365-C7B6140F18D8}.Debug|Any CPU.ActiveCfg = Debug|Any CPU
		{0DA48489-31EC-4E4D-8365-C7B6140F18D8}.Debug|Any CPU.Build.0 = Debug|Any CPU
		{0DA48489-31EC-4E4D-8365-C7B6140F18D8}.Release|Any CPU.ActiveCfg = Release|Any CPU
		{0DA48489-31EC-4E4D-8365-C7B6140F18D8}.Release|Any CPU.Build.0 = Release|Any CPU
		{70EB2F02-CE96-4A99-B7D0-4DA06ACC4061}.Debug|Any CPU.ActiveCfg = Debug|Any CPU
		{70EB2F02-CE96-4A99-B7D0-4DA06ACC4061}.Debug|Any CPU.Build.0 = Debug|Any CPU
		{70EB2F02-CE96-4A99-B7D0-4DA06ACC4061}.Release|Any CPU.ActiveCfg = Release|Any CPU
		{70EB2F02-CE96-4A99-B7D0-4DA06ACC4061}.Release|Any CPU.Build.0 = Release|Any CPU
		{DCFD1F9A-1EA4-4EC1-96CD-68AA64458F86}.Debug|Any CPU.ActiveCfg = Debug|Any CPU
		{DCFD1F9A-1EA4-4EC1-96CD-68AA64458F86}.Debug|Any CPU.Build.0 = Debug|Any CPU
		{DCFD1F9A-1EA4-4EC1-96CD-68AA64458F86}.Release|Any CPU.ActiveCfg = Release|Any CPU
		{DCFD1F9A-1EA4-4EC1-96CD-68AA64458F86}.Release|Any CPU.Build.0 = Release|Any CPU
		{59E29D7E-B0EF-42BD-A3BE-D4324F7EE866}.Debug|Any CPU.ActiveCfg = Debug|Any CPU
		{59E29D7E-B0EF-42BD-A3BE-D4324F7EE866}.Debug|Any CPU.Build.0 = Debug|Any CPU
		{59E29D7E-B0EF-42BD-A3BE-D4324F7EE866}.Release|Any CPU.ActiveCfg = Release|Any CPU
		{59E29D7E-B0EF-42BD-A3BE-D4324F7EE866}.Release|Any CPU.Build.0 = Release|Any CPU
		{7934642D-B243-4905-969A-1698F69C6D01}.Debug|Any CPU.ActiveCfg = Debug|Any CPU
		{7934642D-B243-4905-969A-1698F69C6D01}.Debug|Any CPU.Build.0 = Debug|Any CPU
		{7934642D-B243-4905-969A-1698F69C6D01}.Release|Any CPU.ActiveCfg = Release|Any CPU
		{7934642D-B243-4905-969A-1698F69C6D01}.Release|Any CPU.Build.0 = Release|Any CPU
	EndGlobalSection
	GlobalSection(NestedProjects) = preSolution
		{70EB2F02-CE96-4A99-B7D0-4DA06ACC4061} = {0CFC5F99-9F8B-4703-AC45-5536D7075C8D}
		{0DA48489-31EC-4E4D-8365-C7B6140F18D8} = {77FA1BAD-35CA-4CAE-AEDA-70640E39D80E}
		{DCFD1F9A-1EA4-4EC1-96CD-68AA64458F86} = {0CFC5F99-9F8B-4703-AC45-5536D7075C8D}
		{59E29D7E-B0EF-42BD-A3BE-D4324F7EE866} = {77FA1BAD-35CA-4CAE-AEDA-70640E39D80E}
		{7934642D-B243-4905-969A-1698F69C6D01} = {77FA1BAD-35CA-4CAE-AEDA-70640E39D80E}
	EndGlobalSection
EndGlobal
