
Microsoft Visual Studio Solution File, Format Version 12.00
# Visual Studio Version 17
VisualStudioVersion = 17.0.31903.59
MinimumVisualStudioVersion = 10.0.40219.1
Project("{2150E333-8FDC-42A3-9474-1A3956D46DE8}") = "src", "src", "{13648848-9BB8-406B-B92D-339664ACBA49}"
	ProjectSection(SolutionItems) = preProject
		template.yaml = template.yaml
	EndProjectSection
EndProject
Project("{FAE04EC0-301F-11D3-BF4B-00C04F79EFBC}") = "AsyncTesting.S3EventHandler", "src\AsyncTesting.S3EventHandler\AsyncTesting.S3EventHandler.csproj", "{EDFBC44B-E5A2-460F-B2DA-5286AB56D98E}"
EndProject
Project("{2150E333-8FDC-42A3-9474-1A3956D46DE8}") = "tests", "tests", "{67DE99D7-9FD6-48A7-AAF2-55F21042D7FF}"
EndProject
Project("{FAE04EC0-301F-11D3-BF4B-00C04F79EFBC}") = "AsyncTesting.IntegrationTest", "tests\AsyncTesting.IntegrationTest\AsyncTesting.IntegrationTest.csproj", "{283CFC20-015E-428F-98A8-3D0D7FF2E801}"
EndProject
Project("{FAE04EC0-301F-11D3-BF4B-00C04F79EFBC}") = "AsyncTesting.IntegrationTestListener", "tests\AsyncTesting.IntegrationTestListener\AsyncTesting.IntegrationTestListener.csproj", "{80AB2F13-34E0-4EEC-8C28-001B7D1BC347}"
EndProject
Global
	GlobalSection(SolutionConfigurationPlatforms) = preSolution
		Debug|Any CPU = Debug|Any CPU
		Release|Any CPU = Release|Any CPU
	EndGlobalSection
	GlobalSection(SolutionProperties) = preSolution
		HideSolutionNode = FALSE
	EndGlobalSection
	GlobalSection(ProjectConfigurationPlatforms) = postSolution
		{EDFBC44B-E5A2-460F-B2DA-5286AB56D98E}.Debug|Any CPU.ActiveCfg = Debug|Any CPU
		{EDFBC44B-E5A2-460F-B2DA-5286AB56D98E}.Debug|Any CPU.Build.0 = Debug|Any CPU
		{EDFBC44B-E5A2-460F-B2DA-5286AB56D98E}.Release|Any CPU.ActiveCfg = Release|Any CPU
		{EDFBC44B-E5A2-460F-B2DA-5286AB56D98E}.Release|Any CPU.Build.0 = Release|Any CPU
		{283CFC20-015E-428F-98A8-3D0D7FF2E801}.Debug|Any CPU.ActiveCfg = Debug|Any CPU
		{283CFC20-015E-428F-98A8-3D0D7FF2E801}.Debug|Any CPU.Build.0 = Debug|Any CPU
		{283CFC20-015E-428F-98A8-3D0D7FF2E801}.Release|Any CPU.ActiveCfg = Release|Any CPU
		{283CFC20-015E-428F-98A8-3D0D7FF2E801}.Release|Any CPU.Build.0 = Release|Any CPU
		{80AB2F13-34E0-4EEC-8C28-001B7D1BC347}.Debug|Any CPU.ActiveCfg = Debug|Any CPU
		{80AB2F13-34E0-4EEC-8C28-001B7D1BC347}.Debug|Any CPU.Build.0 = Debug|Any CPU
		{80AB2F13-34E0-4EEC-8C28-001B7D1BC347}.Release|Any CPU.ActiveCfg = Release|Any CPU
		{80AB2F13-34E0-4EEC-8C28-001B7D1BC347}.Release|Any CPU.Build.0 = Release|Any CPU
	EndGlobalSection
	GlobalSection(NestedProjects) = preSolution
		{EDFBC44B-E5A2-460F-B2DA-5286AB56D98E} = {13648848-9BB8-406B-B92D-339664ACBA49}
		{283CFC20-015E-428F-98A8-3D0D7FF2E801} = {67DE99D7-9FD6-48A7-AAF2-55F21042D7FF}
		{80AB2F13-34E0-4EEC-8C28-001B7D1BC347} = {67DE99D7-9FD6-48A7-AAF2-55F21042D7FF}
	EndGlobalSection
EndGlobal
