
Microsoft Visual Studio Solution File, Format Version 12.00
# Visual Studio Version 17
VisualStudioVersion = 17.0.31903.59
MinimumVisualStudioVersion = 10.0.40219.1
Project("{2150E333-8FDC-42A3-9474-1A3956D46DE8}") = "src", "src", "{A8475A9D-FCB6-4C68-90EB-99F531CFD0D4}"
EndProject
Project("{FAE04EC0-301F-11D3-BF4B-00C04F79EFBC}") = "CreateCustomerFunction", "src\CreateCustomerFunction\CreateCustomerFunction.csproj", "{D34DF46E-831D-42FE-A01E-1077352B125B}"
EndProject
Project("{2150E333-8FDC-42A3-9474-1A3956D46DE8}") = "tests", "tests", "{4409C9E1-4330-4111-8AA7-8A33B5571393}"
EndProject
Project("{FAE04EC0-301F-11D3-BF4B-00C04F79EFBC}") = "SchemaTesting.UnitTest", "tests\SchemaTesting.UnitTest\SchemaTesting.UnitTest.csproj", "{625121DE-3E39-44D9-8E2B-59FA9A82B4C9}"
EndProject
Global
	GlobalSection(SolutionConfigurationPlatforms) = preSolution
		Debug|Any CPU = Debug|Any CPU
		Release|Any CPU = Release|Any CPU
	EndGlobalSection
	GlobalSection(SolutionProperties) = preSolution
		HideSolutionNode = FALSE
	EndGlobalSection
	GlobalSection(ProjectConfigurationPlatforms) = postSolution
		{D34DF46E-831D-42FE-A01E-1077352B125B}.Debug|Any CPU.ActiveCfg = Debug|Any CPU
		{D34DF46E-831D-42FE-A01E-1077352B125B}.Debug|Any CPU.Build.0 = Debug|Any CPU
		{D34DF46E-831D-42FE-A01E-1077352B125B}.Release|Any CPU.ActiveCfg = Release|Any CPU
		{D34DF46E-831D-42FE-A01E-1077352B125B}.Release|Any CPU.Build.0 = Release|Any CPU
		{625121DE-3E39-44D9-8E2B-59FA9A82B4C9}.Debug|Any CPU.ActiveCfg = Debug|Any CPU
		{625121DE-3E39-44D9-8E2B-59FA9A82B4C9}.Debug|Any CPU.Build.0 = Debug|Any CPU
		{625121DE-3E39-44D9-8E2B-59FA9A82B4C9}.Release|Any CPU.ActiveCfg = Release|Any CPU
		{625121DE-3E39-44D9-8E2B-59FA9A82B4C9}.Release|Any CPU.Build.0 = Release|Any CPU
	EndGlobalSection
	GlobalSection(NestedProjects) = preSolution
		{D34DF46E-831D-42FE-A01E-1077352B125B} = {A8475A9D-FCB6-4C68-90EB-99F531CFD0D4}
		{625121DE-3E39-44D9-8E2B-59FA9A82B4C9} = {4409C9E1-4330-4111-8AA7-8A33B5571393}
	EndGlobalSection
EndGlobal
